
Microsoft Visual Studio Solution File, Format Version 12.00
# Visual Studio Version 16
VisualStudioVersion = 16.0.30011.22
MinimumVisualStudioVersion = 10.0.40219.1
Project("{FAE04EC0-301F-11D3-BF4B-00C04F79EFBC}") = "AsyncCommands", "AsyncCommand\AsyncCommands.csproj", "{59242683-6EB9-4EF5-A617-D309FF8B1DFE}"
EndProject
Project("{FAE04EC0-301F-11D3-BF4B-00C04F79EFBC}") = "WpfApp1", "WpfApp1\WpfApp1.csproj", "{D95C4A2A-F571-48D1-8F90-A253057B7B6C}"
EndProject
Global
	GlobalSection(SolutionConfigurationPlatforms) = preSolution
		Debug|Any CPU = Debug|Any CPU
		Release|Any CPU = Release|Any CPU
	EndGlobalSection
	GlobalSection(ProjectConfigurationPlatforms) = postSolution
		{59242683-6EB9-4EF5-A617-D309FF8B1DFE}.Debug|Any CPU.ActiveCfg = Debug|Any CPU
		{59242683-6EB9-4EF5-A617-D309FF8B1DFE}.Debug|Any CPU.Build.0 = Debug|Any CPU
		{59242683-6EB9-4EF5-A617-D309FF8B1DFE}.Release|Any CPU.ActiveCfg = Release|Any CPU
		{59242683-6EB9-4EF5-A617-D309FF8B1DFE}.Release|Any CPU.Build.0 = Release|Any CPU
		{D95C4A2A-F571-48D1-8F90-A253057B7B6C}.Debug|Any CPU.ActiveCfg = Debug|Any CPU
		{D95C4A2A-F571-48D1-8F90-A253057B7B6C}.Debug|Any CPU.Build.0 = Debug|Any CPU
		{D95C4A2A-F571-48D1-8F90-A253057B7B6C}.Release|Any CPU.ActiveCfg = Release|Any CPU
		{D95C4A2A-F571-48D1-8F90-A253057B7B6C}.Release|Any CPU.Build.0 = Release|Any CPU
	EndGlobalSection
	GlobalSection(SolutionProperties) = preSolution
		HideSolutionNode = FALSE
	EndGlobalSection
	GlobalSection(ExtensibilityGlobals) = postSolution
		SolutionGuid = {3DF7864D-158A-479D-8861-88D0428F9F94}
	EndGlobalSection
EndGlobal
